
Microsoft Visual Studio Solution File, Format Version 12.00
# Visual Studio Version 17
VisualStudioVersion = 17.8.34525.116
MinimumVisualStudioVersion = 10.0.40219.1
Project("{FAE04EC0-301F-11D3-BF4B-00C04F79EFBC}") = "ItemsManager", "ItemsManager\ItemsManager.csproj", "{65AE9543-0FFA-40BF-BF83-11FAFD07944D}"
EndProject
Global
	GlobalSection(SolutionConfigurationPlatforms) = preSolution
		Debug|Any CPU = Debug|Any CPU
		Release|Any CPU = Release|Any CPU
	EndGlobalSection
	GlobalSection(ProjectConfigurationPlatforms) = postSolution
		{65AE9543-0FFA-40BF-BF83-11FAFD07944D}.Debug|Any CPU.ActiveCfg = Debug|Any CPU
		{65AE9543-0FFA-40BF-BF83-11FAFD07944D}.Debug|Any CPU.Build.0 = Debug|Any CPU
		{65AE9543-0FFA-40BF-BF83-11FAFD07944D}.Release|Any CPU.ActiveCfg = Release|Any CPU
		{65AE9543-0FFA-40BF-BF83-11FAFD07944D}.Release|Any CPU.Build.0 = Release|Any CPU
	EndGlobalSection
	GlobalSection(SolutionProperties) = preSolution
		HideSolutionNode = FALSE
	EndGlobalSection
	GlobalSection(ExtensibilityGlobals) = postSolution
		SolutionGuid = {0A80ABEF-9DD3-4044-8AF7-33B8289C9E0E}
	EndGlobalSection
EndGlobal
